{
  "pins" : [
    {
      "identity" : "abseil-cpp-binary",
      "kind" : "remoteSourceControl",
      "location" : "https://github.com/google/abseil-cpp-binary.git",
      "state" : {
        "revision" : "bfc0b6f81adc06ce5121eb23f628473638d67c5c",
        "version" : "1.2022062300.0"
      }
    },
    {
      "identity" : "alamofire",
      "kind" : "remoteSourceControl",
      "location" : "https://github.com/Alamofire/Alamofire.git",
      "state" : {
        "revision" : "78424be314842833c04bc3bef5b72e85fff99204",
        "version" : "5.6.4"
      }
    },
    {
      "identity" : "amplitude-ios",
      "kind" : "remoteSourceControl",
      "location" : "https://github.com/amplitude/Amplitude-iOS.git",
      "state" : {
        "revision" : "dca2c744336e651ee285011282b86accc2ce3704",
        "version" : "8.17.2"
      }
    },
    {
      "identity" : "analytics-connector-ios",
      "kind" : "remoteSourceControl",
      "location" : "https://github.com/amplitude/analytics-connector-ios.git",
      "state" : {
        "revision" : "e2ca17ac735bcbc48b13062484541702ef45153d",
        "version" : "1.0.3"
      }
    },
    {
      "identity" : "appsflyerframework",
      "kind" : "remoteSourceControl",
      "location" : "https://github.com/AppsFlyerSDK/AppsFlyerFramework.git",
      "state" : {
        "revision" : "4591cd113ea1af6fa950479fadbce2f13bab8895",
        "version" : "6.13.1"
      }
    },
    {
      "identity" : "appstudio.ios.analytics",
      "kind" : "remoteSourceControl",
      "location" : "https://github.com/m-unicorn/AppStudio.iOS.Analytics",
      "state" : {
        "revision" : "7079c1fa488f8bdfb2a920b1122de52dad61d1e2",
        "version" : "1.0.7"
      }
    },
    {
      "identity" : "appstudio.ios.common",
      "kind" : "remoteSourceControl",
      "location" : "https://github.com/m-unicorn/AppStudio.iOS.Common",
      "state" : {
        "revision" : "be0ba8b7340d8f7bba65e8f5ba22085b929f93ea",
        "version" : "1.0.20"
      }
    },
    {
      "identity" : "appstudio.ios.navigation",
      "kind" : "remoteSourceControl",
      "location" : "https://github.com/m-unicorn/AppStudio.iOS.Navigation.git",
      "state" : {
        "branch" : "feature/ST2-640_initializer_without_view",
        "revision" : "ad455145b85c6a7bc3aefab220e220a4d5e14129"
      }
    },
    {
      "identity" : "appstudio.ios.subscriptions",
      "kind" : "remoteSourceControl",
      "location" : "https://github.com/m-unicorn/AppStudio.iOS.Subscriptions.git",
      "state" : {
        "revision" : "fcea7d861bde431558cb89ba4c8761b022a662c4",
        "version" : "1.0.3"
      }
    },
    {
      "identity" : "cocoalumberjack",
      "kind" : "remoteSourceControl",
      "location" : "https://github.com/CocoaLumberjack/CocoaLumberjack.git",
      "state" : {
        "revision" : "af4973721172dd7850a42a58a9ffcec0ec82e5a9",
        "version" : "3.8.4"
      }
    },
    {
      "identity" : "combine-schedulers",
      "kind" : "remoteSourceControl",
      "location" : "https://github.com/pointfreeco/combine-schedulers",
      "state" : {
        "revision" : "9dc9cbe4bc45c65164fa653a563d8d8db61b09bb",
        "version" : "1.0.0"
      }
    },
    {
      "identity" : "facebook-ios-sdk",
      "kind" : "remoteSourceControl",
      "location" : "https://github.com/facebook/facebook-ios-sdk",
      "state" : {
        "revision" : "c19607d535864533523d1f437c84035e5fb101cf",
        "version" : "14.1.0"
      }
    },
    {
      "identity" : "firebase-ios-sdk",
      "kind" : "remoteSourceControl",
      "location" : "https://github.com/firebase/firebase-ios-sdk.git",
      "state" : {
        "revision" : "837d4af6ead57cec1fc38007892500d3139c7556",
        "version" : "10.16.0"
      }
    },
    {
      "identity" : "googleappmeasurement",
      "kind" : "remoteSourceControl",
      "location" : "https://github.com/google/GoogleAppMeasurement.git",
      "state" : {
        "revision" : "56f681586ff006a7982b53dc94082eea31971acf",
        "version" : "10.16.0"
      }
    },
    {
      "identity" : "googledatatransport",
      "kind" : "remoteSourceControl",
      "location" : "https://github.com/google/GoogleDataTransport.git",
      "state" : {
        "revision" : "a732a4b47f59e4f725a2ea10f0c77e93a7131117",
        "version" : "9.3.0"
      }
    },
    {
      "identity" : "googleutilities",
      "kind" : "remoteSourceControl",
      "location" : "https://github.com/google/GoogleUtilities.git",
      "state" : {
        "revision" : "bc27fad73504f3d4af235de451f02ee22586ebd3",
        "version" : "7.12.1"
      }
    },
    {
      "identity" : "grpc-binary",
      "kind" : "remoteSourceControl",
      "location" : "https://github.com/google/grpc-binary.git",
      "state" : {
        "revision" : "a673bc2937fbe886dd1f99c401b01b6d977a9c98",
        "version" : "1.49.1"
      }
    },
    {
      "identity" : "gtm-session-fetcher",
      "kind" : "remoteSourceControl",
      "location" : "https://github.com/google/gtm-session-fetcher.git",
      "state" : {
        "revision" : "76135c9f4e1ac85459d5fec61b6f76ac47ab3a4c",
        "version" : "3.3.1"
      }
    },
    {
      "identity" : "interop-ios-for-google-sdks",
      "kind" : "remoteSourceControl",
      "location" : "https://github.com/google/interop-ios-for-google-sdks.git",
      "state" : {
        "revision" : "2d12673670417654f08f5f90fdd62926dc3a2648",
        "version" : "100.0.0"
      }
    },
    {
      "identity" : "ios.abtesting",
      "kind" : "remoteSourceControl",
      "location" : "https://github.com/m-unicorn/iOS.ABTesting.git",
      "state" : {
        "revision" : "b3865a2babd73f39c5496d39476c4ca4274893d8",
        "version" : "1.0.6"
      }
    },
    {
      "identity" : "ios.municornfoundation",
      "kind" : "remoteSourceControl",
      "location" : "git@github.com:m-unicorn/iOS.MunicornFoundation.git",
      "state" : {
        "revision" : "124aab594d3313f2239e2c339f13b30aeecffcbf",
        "version" : "1.2.11"
      }
    },
    {
      "identity" : "leveldb",
      "kind" : "remoteSourceControl",
      "location" : "https://github.com/firebase/leveldb.git",
      "state" : {
        "revision" : "9d108e9112aa1d65ce508facf804674546116d9c",
        "version" : "1.22.3"
      }
    },
    {
      "identity" : "moya",
      "kind" : "remoteSourceControl",
      "location" : "https://github.com/Moya/Moya.git",
      "state" : {
        "revision" : "c263811c1f3dbf002be9bd83107f7cdc38992b26",
        "version" : "15.0.3"
      }
    },
    {
      "identity" : "nanopb",
      "kind" : "remoteSourceControl",
      "location" : "https://github.com/firebase/nanopb.git",
      "state" : {
        "revision" : "819d0a2173aff699fb8c364b6fb906f7cdb1a692",
        "version" : "2.30909.0"
      }
    },
    {
      "identity" : "promises",
      "kind" : "remoteSourceControl",
      "location" : "https://github.com/google/promises.git",
      "state" : {
        "revision" : "540318ecedd63d883069ae7f1ed811a2df00b6ac",
        "version" : "2.4.0"
      }
    },
    {
      "identity" : "reactiveswift",
      "kind" : "remoteSourceControl",
      "location" : "https://github.com/ReactiveCocoa/ReactiveSwift.git",
      "state" : {
        "revision" : "c43bae3dac73fdd3cb906bd5a1914686ca71ed3c",
        "version" : "6.7.0"
      }
    },
    {
      "identity" : "rxswift",
      "kind" : "remoteSourceControl",
      "location" : "https://github.com/ReactiveX/RxSwift.git",
      "state" : {
        "revision" : "9dcaa4b333db437b0fbfaf453fad29069044a8b4",
        "version" : "6.6.0"
      }
    },
    {
      "identity" : "swift-clocks",
      "kind" : "remoteSourceControl",
      "location" : "https://github.com/pointfreeco/swift-clocks",
      "state" : {
        "revision" : "a8421d68068d8f45fbceb418fbf22c5dad4afd33",
        "version" : "1.0.2"
      }
    },
    {
      "identity" : "swift-concurrency-extras",
      "kind" : "remoteSourceControl",
      "location" : "https://github.com/pointfreeco/swift-concurrency-extras",
      "state" : {
        "revision" : "bb5059bde9022d69ac516803f4f227d8ac967f71",
        "version" : "1.1.0"
      }
    },
    {
      "identity" : "swift-dependencies",
      "kind" : "remoteSourceControl",
      "location" : "https://github.com/pointfreeco/swift-dependencies.git",
      "state" : {
        "revision" : "4e1eb6e28afe723286d8cc60611237ffbddba7c5",
        "version" : "1.0.0"
      }
    },
    {
      "identity" : "swift-log",
      "kind" : "remoteSourceControl",
      "location" : "https://github.com/apple/swift-log",
      "state" : {
        "revision" : "e97a6fcb1ab07462881ac165fdbb37f067e205d5",
        "version" : "1.5.4"
      }
    },
    {
      "identity" : "swift-protobuf",
      "kind" : "remoteSourceControl",
      "location" : "https://github.com/apple/swift-protobuf.git",
      "state" : {
        "revision" : "65e8f29b2d63c4e38e736b25c27b83e012159be8",
        "version" : "1.25.2"
      }
    },
    {
      "identity" : "xctest-dynamic-overlay",
      "kind" : "remoteSourceControl",
      "location" : "https://github.com/pointfreeco/xctest-dynamic-overlay",
      "state" : {
        "revision" : "b58e6627149808b40634c4552fcf2f44d0b3ca87",
        "version" : "1.1.0"
      }
    }
  ],
  "version" : 2
}
